
Microsoft Visual Studio Solution File, Format Version 12.00
# Visual Studio Version 17
VisualStudioVersion = 17.11.35005.142
MinimumVisualStudioVersion = 10.0.40219.1
Project("{FAE04EC0-301F-11D3-BF4B-00C04F79EFBC}") = "DotNetCore.RestApi", "DotNetCore.RestApi\DotNetCore.RestApi.csproj", "{B2D0F11A-5872-443C-ADF4-7D4F1D842C84}"
EndProject
Global
	GlobalSection(SolutionConfigurationPlatforms) = preSolution
		Debug|Any CPU = Debug|Any CPU
		Release|Any CPU = Release|Any CPU
	EndGlobalSection
	GlobalSection(ProjectConfigurationPlatforms) = postSolution
		{B2D0F11A-5872-443C-ADF4-7D4F1D842C84}.Debug|Any CPU.ActiveCfg = Debug|Any CPU
		{B2D0F11A-5872-443C-ADF4-7D4F1D842C84}.Debug|Any CPU.Build.0 = Debug|Any CPU
		{B2D0F11A-5872-443C-ADF4-7D4F1D842C84}.Release|Any CPU.ActiveCfg = Release|Any CPU
		{B2D0F11A-5872-443C-ADF4-7D4F1D842C84}.Release|Any CPU.Build.0 = Release|Any CPU
	EndGlobalSection
	GlobalSection(SolutionProperties) = preSolution
		HideSolutionNode = FALSE
	EndGlobalSection
	GlobalSection(ExtensibilityGlobals) = postSolution
		SolutionGuid = {C7D44793-3199-47AD-87D6-A73CABF31BC8}
	EndGlobalSection
EndGlobal
